github.com/aws/aws-sdk-go v1.51.20 h1:ziM90ujYHKKkoTZL+Wg2LwjbQecL+l298GGJeG4ktZs=
github.com/aws/aws-sdk-go v1.51.20/go.mod h1:LF8svs817+Nz+DmiMQKTO3ubZ/6IaTpq3TjupRn3Eqk=
github.com/davecgh/go-spew v1.1.0/go.mod h1:J7Y8YcW2NihsgmVo/mv3lAwl/skON4iLHjSsI+c5H38=
github.com/jmespath/go-jmespath v0.4.0 h1:BEgLn5cpjn8UN1mAw4NjwDrS35OdebyEtFe+9YPoQUg=
github.com/jmespath/go-jmespath v0.4.0/go.mod h1:T8mJZnbsbmF+m6zOOFylbeCJqk5+pHWvzYPziyZiYoo=
github.com/jmespath/go-jmespath/internal/testify v1.5.1/go.mod h1:L3OGu8Wl2/fWfCI6z80xFu9LTZmf1ZRjMHUOPmWr69U=
github.com/joho/godotenv v1.5.1 h1:7eLL/+HRGLY0ldzfGMeQkb7vMd0as4CfYvUVzLqw0N0=
github.com/joho/godotenv v1.5.1/go.mod h1:f4LDr5Voq0i2e/R5DDNOoa2zzDfwtkZa6DnEwAbqwq4=
github.com/nolafw/config v0.0.2 h1:DZs7qXDlii+wBLheTs3ti+89ImOO7MLZcHclvjybyfA=
github.com/nolafw/config v0.0.2/go.mod h1:Twgc3JJkozKa3U1lUp5H1nfAZIvVaHsqJY5VrHEHHPQ=
github.com/nolafw/config v0.0.3 h1:g2Euxg5SUY6Gj1ZSINFGn+XE7/FNb/ke4ga016DUsqM=
github.com/nolafw/config v0.0.3/go.mod h1:Twgc3JJkozKa3U1lUp5H1nfAZIvVaHsqJY5VrHEHHPQ=
github.com/nolafw/config v0.0.4 h1:wwluvkzh4+sJvVtDZS5t3G7Glg/hpYuO6neQzeJsawo=
github.com/nolafw/config v0.0.4/go.mod h1:Twgc3JJkozKa3U1lUp5H1nfAZIvVaHsqJY5VrHEHHPQ=
github.com/nolafw/config v0.0.5 h1:U8VeFdXXk8Yn6z49dHSlDoWhrdUK9oAirVKso/1GVsY=
github.com/nolafw/config v0.0.5/go.mod h1:Twgc3JJkozKa3U1lUp5H1nfAZIvVaHsqJY5VrHEHHPQ=
github.com/nolafw/config v0.0.6 h1:tAGv1cteA+MOpN5r8gklodQszp5v/gMo5gKzA61y4Kg=
github.com/nolafw/config v0.0.6/go.mod h1:Twgc3JJkozKa3U1lUp5H1nfAZIvVaHsqJY5VrHEHHPQ=
github.com/nolafw/config v0.0.7 h1:HBISAu5n8F/Y39BdpNxsfL24fO9K3ZNwo3Wgk6NqbxQ=
github.com/nolafw/config v0.0.7/go.mod h1:Twgc3JJkozKa3U1lUp5H1nfAZIvVaHsqJY5VrHEHHPQ=
github.com/nolafw/config v0.0.8 h1:ocHUiV/zGd/P1NwU1qa5HWmCHzrw8i3OTxq5wE5QsUA=
github.com/nolafw/config v0.0.8/go.mod h1:Twgc3JJkozKa3U1lUp5H1nfAZIvVaHsqJY5VrHEHHPQ=
github.com/nolafw/config v0.0.9 h1:lx+xhYWzbW/FQDMjdsAfK6+2bi8/UaC3R4ywLeetV7A=
github.com/nolafw/config v0.0.9/go.mod h1:Twgc3JJkozKa3U1lUp5H1nfAZIvVaHsqJY5VrHEHHPQ=
github.com/nolafw/di v0.0.1 h1:j1wpTqp/e48c5kfXruZr2CUfR363/0Im0zeRfYp0/IE=
github.com/nolafw/di v0.0.1/go.mod h1:jbSVTzLuy32D7+tCjZrhgcNhn7yahZa5Pb4Iv8UH3xg=
github.com/nolafw/di v0.0.2 h1:fyhbqB+ptiUSoxvnpo9IOBp2AqNlxDrI1C3Z3Lehqtg=
github.com/nolafw/di v0.0.2/go.mod h1:jbSVTzLuy32D7+tCjZrhgcNhn7yahZa5Pb4Iv8UH3xg=
github.com/nolafw/di v0.0.3 h1:balveoUT6AFUYBvJ9xrKjutmeSTjmFA7bSlDjM6QqUc=
github.com/nolafw/di v0.0.3/go.mod h1:jbSVTzLuy32D7+tCjZrhgcNhn7yahZa5Pb4Iv8UH3xg=
github.com/nolafw/rest v0.0.2 h1:Ul7u/HX18waQIL0lznEEmq3bdnm07LrF6TBQdYdaU9g=
github.com/nolafw/rest v0.0.2/go.mod h1:t9S6j2TKr2v9uXfTflH7UQJW9cOvhvDmYaAWB/ad3hg=
github.com/nolafw/rest v0.0.3 h1:RTojvkrbiySMh/49YBbUSeTZKa31IvsdNl2cpLEmOr0=
github.com/nolafw/rest v0.0.3/go.mod h1:t9S6j2TKr2v9uXfTflH7UQJW9cOvhvDmYaAWB/ad3hg=
github.com/nolafw/rest v0.0.4 h1:fv+kHCZrAaHJkrACs50t/1YyCfvSr8grdvmgDqlU6is=
github.com/nolafw/rest v0.0.4/go.mod h1:t9S6j2TKr2v9uXfTflH7UQJW9cOvhvDmYaAWB/ad3hg=
github.com/nolafw/rest v0.0.5 h1:FeQeKREMWngUJOqWyg7kVL6iqj2chmLLIun40K0+aQ8=
github.com/nolafw/rest v0.0.5/go.mod h1:t9S6j2TKr2v9uXfTflH7UQJW9cOvhvDmYaAWB/ad3hg=
github.com/nolafw/rest v0.0.6 h1:XRBSKoT7TvxlqyqPgqndvN8UXg7EbXteDVSH9IUuyCY=
github.com/nolafw/rest v0.0.6/go.mod h1:t9S6j2TKr2v9uXfTflH7UQJW9cOvhvDmYaAWB/ad3hg=
github.com/nolafw/validator v0.0.1 h1:JeackdBkzPWR0vwxNc15OfNLVdaRFJJrZAd3NILZCY4=
github.com/nolafw/validator v0.0.1/go.mod h1:sWqcbxYm0uhYsxkyEYaQ20W/zdt8Ak1A6W27kzc3/0s=
github.com/pmezard/go-difflib v1.0.0/go.mod h1:iKH77koFhYxTK1pcRnkKkqfTogsbg7gZNVY4sRDYZ/4=
github.com/stretchr/objx v0.1.0/go.mod h1:HFkY916IF+rwdDfMAkV7OtwuqBVzrE8GR6GFx+wExME=
go.uber.org/dig v1.18.0 h1:imUL1UiY0Mg4bqbFfsRQO5G4CGRBec/ZujWTvSVp3pw=
go.uber.org/dig v1.18.0/go.mod h1:Us0rSJiThwCv2GteUN0Q7OKvU7n5J4dxZ9JKUXozFdE=
go.uber.org/fx v1.23.0 h1:lIr/gYWQGfTwGcSXWXu4vP5Ws6iqnNEIY+F/aFzCKTg=
go.uber.org/fx v1.23.0/go.mod h1:o/D9n+2mLP6v1EG+qsdT1O8wKopYAsqZasju97SDFCU=
go.uber.org/multierr v1.10.0 h1:S0h4aNzvfcFsC3dRF1jLoaov7oRaKqRGC/pUEJ2yvPQ=
go.uber.org/multierr v1.10.0/go.mod h1:20+QtiLqy0Nd6FdQB9TLXag12DsQkrbs3htMFfDN80Y=
go.uber.org/zap v1.26.0 h1:sI7k6L95XOKS281NhVKOFCUNIvv9e0w4BF8N3u+tCRo=
go.uber.org/zap v1.26.0/go.mod h1:dtElttAiwGvoJ/vj4IwHBS/gXsEu/pZ50mUIRWuG0so=
golang.org/x/sys v0.0.0-20220412211240-33da011f77ad h1:ntjMns5wyP/fN65tdBD4g8J5w8n015+iIIs9rtjXkY0=
golang.org/x/sys v0.0.0-20220412211240-33da011f77ad/go.mod h1:oPkhp1MJrh7nUepCBck5+mAzfO9JrbApNNgaTdGDITg=
gopkg.in/check.v1 v0.0.0-20161208181325-20d25e280405/go.mod h1:Co6ibVJAznAaIkqp8huTwlJQCZ016jof/cbN4VW5Yz0=
gopkg.in/yaml.v2 v2.2.8/go.mod h1:hI93XBmqTisBFMUTm0b8Fm+jr3Dg1NNxqwp+5A1VGuI=
gopkg.in/yaml.v3 v3.0.1 h1:fxVm/GzAzEWqLHuvctI91KS9hhNmmWOoWu0XTYJS7CA=
gopkg.in/yaml.v3 v3.0.1/go.mod h1:K4uyk7z7BCEPqu6E+C64Yfv1cQ7kz7rIZviUmN+EgEM=
